
Microsoft Visual Studio Solution File, Format Version 12.00
# Visual Studio Version 17
VisualStudioVersion = 17.12.35527.113
MinimumVisualStudioVersion = 10.0.40219.1
Project("{FAE04EC0-301F-11D3-BF4B-00C04F79EFBC}") = "NumberGuessingGame", "NumberGuessingGame\NumberGuessingGame.csproj", "{85D5B267-79DD-4A84-8664-8ACE358F02F5}"
EndProject
Project("{FAE04EC0-301F-11D3-BF4B-00C04F79EFBC}") = "SimpleCalculator", "SimpleCalculator\SimpleCalculator.csproj", "{E235FC61-224C-4A58-9AA1-CE0479049C3F}"
EndProject
Project("{FAE04EC0-301F-11D3-BF4B-00C04F79EFBC}") = "BankAccountSimulator", "BankAccountSimulator\BankAccountSimulator.csproj", "{08DC83F1-6E42-4DF5-B62B-1F816EFFD5DD}"
EndProject
Project("{FAE04EC0-301F-11D3-BF4B-00C04F79EFBC}") = "StudentGradebook", "StudentGradebook\StudentGradebook.csproj", "{9E14789E-7965-4C73-BE09-FFB0FAEAB269}"
EndProject
Project("{FAE04EC0-301F-11D3-BF4B-00C04F79EFBC}") = "TodoList", "TodoList\TodoList.csproj", "{12E18178-9D64-4769-92D4-362FA0F66EF5}"
EndProject
Project("{FAE04EC0-301F-11D3-BF4B-00C04F79EFBC}") = "LibraryManager", "LibraryManager\LibraryManager.csproj", "{C6363EDC-9AAC-4713-B40D-7F93F15D37ED}"
EndProject
Project("{FAE04EC0-301F-11D3-BF4B-00C04F79EFBC}") = "ContactBook", "ContactBook\ContactBook.csproj", "{C5C1C784-E790-4BDD-A074-FEF8FD5A63F8}"
EndProject
Project("{FAE04EC0-301F-11D3-BF4B-00C04F79EFBC}") = "ExpenseTracker", "ExpenseTracker\ExpenseTracker.csproj", "{938F2422-19CD-4445-9CC2-BCC294D4C744}"
EndProject
Global
	GlobalSection(SolutionConfigurationPlatforms) = preSolution
		Debug|Any CPU = Debug|Any CPU
		Release|Any CPU = Release|Any CPU
	EndGlobalSection
	GlobalSection(ProjectConfigurationPlatforms) = postSolution
		{85D5B267-79DD-4A84-8664-8ACE358F02F5}.Debug|Any CPU.ActiveCfg = Debug|Any CPU
		{85D5B267-79DD-4A84-8664-8ACE358F02F5}.Debug|Any CPU.Build.0 = Debug|Any CPU
		{85D5B267-79DD-4A84-8664-8ACE358F02F5}.Release|Any CPU.ActiveCfg = Release|Any CPU
		{85D5B267-79DD-4A84-8664-8ACE358F02F5}.Release|Any CPU.Build.0 = Release|Any CPU
		{E235FC61-224C-4A58-9AA1-CE0479049C3F}.Debug|Any CPU.ActiveCfg = Debug|Any CPU
		{E235FC61-224C-4A58-9AA1-CE0479049C3F}.Debug|Any CPU.Build.0 = Debug|Any CPU
		{E235FC61-224C-4A58-9AA1-CE0479049C3F}.Release|Any CPU.ActiveCfg = Release|Any CPU
		{E235FC61-224C-4A58-9AA1-CE0479049C3F}.Release|Any CPU.Build.0 = Release|Any CPU
		{08DC83F1-6E42-4DF5-B62B-1F816EFFD5DD}.Debug|Any CPU.ActiveCfg = Debug|Any CPU
		{08DC83F1-6E42-4DF5-B62B-1F816EFFD5DD}.Debug|Any CPU.Build.0 = Debug|Any CPU
		{08DC83F1-6E42-4DF5-B62B-1F816EFFD5DD}.Release|Any CPU.ActiveCfg = Release|Any CPU
		{08DC83F1-6E42-4DF5-B62B-1F816EFFD5DD}.Release|Any CPU.Build.0 = Release|Any CPU
		{9E14789E-7965-4C73-BE09-FFB0FAEAB269}.Debug|Any CPU.ActiveCfg = Debug|Any CPU
		{9E14789E-7965-4C73-BE09-FFB0FAEAB269}.Debug|Any CPU.Build.0 = Debug|Any CPU
		{9E14789E-7965-4C73-BE09-FFB0FAEAB269}.Release|Any CPU.ActiveCfg = Release|Any CPU
		{9E14789E-7965-4C73-BE09-FFB0FAEAB269}.Release|Any CPU.Build.0 = Release|Any CPU
		{12E18178-9D64-4769-92D4-362FA0F66EF5}.Debug|Any CPU.ActiveCfg = Debug|Any CPU
		{12E18178-9D64-4769-92D4-362FA0F66EF5}.Debug|Any CPU.Build.0 = Debug|Any CPU
		{12E18178-9D64-4769-92D4-362FA0F66EF5}.Release|Any CPU.ActiveCfg = Release|Any CPU
		{12E18178-9D64-4769-92D4-362FA0F66EF5}.Release|Any CPU.Build.0 = Release|Any CPU
		{C6363EDC-9AAC-4713-B40D-7F93F15D37ED}.Debug|Any CPU.ActiveCfg = Debug|Any CPU
		{C6363EDC-9AAC-4713-B40D-7F93F15D37ED}.Debug|Any CPU.Build.0 = Debug|Any CPU
		{C6363EDC-9AAC-4713-B40D-7F93F15D37ED}.Release|Any CPU.ActiveCfg = Release|Any CPU
		{C6363EDC-9AAC-4713-B40D-7F93F15D37ED}.Release|Any CPU.Build.0 = Release|Any CPU
		{C5C1C784-E790-4BDD-A074-FEF8FD5A63F8}.Debug|Any CPU.ActiveCfg = Debug|Any CPU
		{C5C1C784-E790-4BDD-A074-FEF8FD5A63F8}.Debug|Any CPU.Build.0 = Debug|Any CPU
		{C5C1C784-E790-4BDD-A074-FEF8FD5A63F8}.Release|Any CPU.ActiveCfg = Release|Any CPU
		{C5C1C784-E790-4BDD-A074-FEF8FD5A63F8}.Release|Any CPU.Build.0 = Release|Any CPU
		{938F2422-19CD-4445-9CC2-BCC294D4C744}.Debug|Any CPU.ActiveCfg = Debug|Any CPU
		{938F2422-19CD-4445-9CC2-BCC294D4C744}.Debug|Any CPU.Build.0 = Debug|Any CPU
		{938F2422-19CD-4445-9CC2-BCC294D4C744}.Release|Any CPU.ActiveCfg = Release|Any CPU
		{938F2422-19CD-4445-9CC2-BCC294D4C744}.Release|Any CPU.Build.0 = Release|Any CPU
	EndGlobalSection
	GlobalSection(SolutionProperties) = preSolution
		HideSolutionNode = FALSE
	EndGlobalSection
EndGlobal
